
Microsoft Visual Studio Solution File, Format Version 11.00
# Visual Studio 2010
Project("{FAE04EC0-301F-11D3-BF4B-00C04F79EFBC}") = "Casion_VR_Economix", "Assembly-CSharp.csproj", "{F1BA3038-3931-3346-0BED-E2ED3852348D}"
EndProject
Project("{FAE04EC0-301F-11D3-BF4B-00C04F79EFBC}") = "Casion_VR_Economix", "Assembly-CSharp-Editor.csproj", "{C20920BD-CB99-F9EE-5EFA-6C4F28FE109A}"
EndProject
Global
	GlobalSection(SolutionConfigurationPlatforms) = preSolution
		Debug|Any CPU = Debug|Any CPU
		Release|Any CPU = Release|Any CPU
	EndGlobalSection
	GlobalSection(ProjectConfigurationPlatforms) = postSolution
		{F1BA3038-3931-3346-0BED-E2ED3852348D}.Debug|Any CPU.ActiveCfg = Debug|Any CPU
		{F1BA3038-3931-3346-0BED-E2ED3852348D}.Debug|Any CPU.Build.0 = Debug|Any CPU
		{F1BA3038-3931-3346-0BED-E2ED3852348D}.Release|Any CPU.ActiveCfg = Release|Any CPU
		{F1BA3038-3931-3346-0BED-E2ED3852348D}.Release|Any CPU.Build.0 = Release|Any CPU
		{C20920BD-CB99-F9EE-5EFA-6C4F28FE109A}.Debug|Any CPU.ActiveCfg = Debug|Any CPU
		{C20920BD-CB99-F9EE-5EFA-6C4F28FE109A}.Debug|Any CPU.Build.0 = Debug|Any CPU
		{C20920BD-CB99-F9EE-5EFA-6C4F28FE109A}.Release|Any CPU.ActiveCfg = Release|Any CPU
		{C20920BD-CB99-F9EE-5EFA-6C4F28FE109A}.Release|Any CPU.Build.0 = Release|Any CPU
	EndGlobalSection
	GlobalSection(SolutionProperties) = preSolution
		HideSolutionNode = FALSE
	EndGlobalSection
	GlobalSection(MonoDevelopProperties) = preSolution
		StartupItem = Assembly-CSharp.csproj
	EndGlobalSection
EndGlobal
